
Microsoft Visual Studio Solution File, Format Version 12.00
# Visual Studio Version 17
VisualStudioVersion = 17.0.31903.59
MinimumVisualStudioVersion = 10.0.40219.1
Project("{FAE04EC0-301F-11D3-BF4B-00C04F79EFBC}") = "WinProvision.Store", "WinProvision.Store\WinProvision.Store.csproj", "{2C9ED88A-145A-4FD4-AFE4-9BA15B4C911B}"
EndProject
Project("{2150E333-8FDC-42A3-9474-1A3956D46DE8}") = "src", "src", "{827E0CD3-B72D-47B6-A68D-7590B98EB39B}"
EndProject
Project("{FAE04EC0-301F-11D3-BF4B-00C04F79EFBC}") = "WinProvision.Core", "src\WinProvision.Core\WinProvision.Core.csproj", "{35D5CCF3-3BAD-4F8D-A928-540D379AC610}"
EndProject
Project("{FAE04EC0-301F-11D3-BF4B-00C04F79EFBC}") = "WinProvision.Indexer", "src\WinProvision.Indexer\WinProvision.Indexer.csproj", "{D0AEBB49-EEC3-4BFB-8C9A-B5C874136270}"
EndProject
Global
	GlobalSection(SolutionConfigurationPlatforms) = preSolution
		Debug|Any CPU = Debug|Any CPU
		Debug|x64 = Debug|x64
		Debug|x86 = Debug|x86
		Release|Any CPU = Release|Any CPU
		Release|x64 = Release|x64
		Release|x86 = Release|x86
	EndGlobalSection
	GlobalSection(ProjectConfigurationPlatforms) = postSolution
		{2C9ED88A-145A-4FD4-AFE4-9BA15B4C911B}.Debug|Any CPU.ActiveCfg = Debug|x64
		{2C9ED88A-145A-4FD4-AFE4-9BA15B4C911B}.Debug|Any CPU.Build.0 = Debug|x64
		{2C9ED88A-145A-4FD4-AFE4-9BA15B4C911B}.Debug|x64.ActiveCfg = Debug|x64
		{2C9ED88A-145A-4FD4-AFE4-9BA15B4C911B}.Debug|x64.Build.0 = Debug|x64
		{2C9ED88A-145A-4FD4-AFE4-9BA15B4C911B}.Debug|x86.ActiveCfg = Debug|x64
		{2C9ED88A-145A-4FD4-AFE4-9BA15B4C911B}.Debug|x86.Build.0 = Debug|x64
		{2C9ED88A-145A-4FD4-AFE4-9BA15B4C911B}.Release|Any CPU.ActiveCfg = Release|x64
		{2C9ED88A-145A-4FD4-AFE4-9BA15B4C911B}.Release|Any CPU.Build.0 = Release|x64
		{2C9ED88A-145A-4FD4-AFE4-9BA15B4C911B}.Release|x64.ActiveCfg = Release|x64
		{2C9ED88A-145A-4FD4-AFE4-9BA15B4C911B}.Release|x64.Build.0 = Release|x64
		{2C9ED88A-145A-4FD4-AFE4-9BA15B4C911B}.Release|x86.ActiveCfg = Release|x64
		{2C9ED88A-145A-4FD4-AFE4-9BA15B4C911B}.Release|x86.Build.0 = Release|x64
		{35D5CCF3-3BAD-4F8D-A928-540D379AC610}.Debug|Any CPU.ActiveCfg = Debug|Any CPU
		{35D5CCF3-3BAD-4F8D-A928-540D379AC610}.Debug|Any CPU.Build.0 = Debug|Any CPU
		{35D5CCF3-3BAD-4F8D-A928-540D379AC610}.Debug|x64.ActiveCfg = Debug|Any CPU
		{35D5CCF3-3BAD-4F8D-A928-540D379AC610}.Debug|x64.Build.0 = Debug|Any CPU
		{35D5CCF3-3BAD-4F8D-A928-540D379AC610}.Debug|x86.ActiveCfg = Debug|Any CPU
		{35D5CCF3-3BAD-4F8D-A928-540D379AC610}.Debug|x86.Build.0 = Debug|Any CPU
		{35D5CCF3-3BAD-4F8D-A928-540D379AC610}.Release|Any CPU.ActiveCfg = Release|Any CPU
		{35D5CCF3-3BAD-4F8D-A928-540D379AC610}.Release|Any CPU.Build.0 = Release|Any CPU
		{35D5CCF3-3BAD-4F8D-A928-540D379AC610}.Release|x64.ActiveCfg = Release|Any CPU
		{35D5CCF3-3BAD-4F8D-A928-540D379AC610}.Release|x64.Build.0 = Release|Any CPU
		{35D5CCF3-3BAD-4F8D-A928-540D379AC610}.Release|x86.ActiveCfg = Release|Any CPU
		{35D5CCF3-3BAD-4F8D-A928-540D379AC610}.Release|x86.Build.0 = Release|Any CPU
		{D0AEBB49-EEC3-4BFB-8C9A-B5C874136270}.Debug|Any CPU.ActiveCfg = Debug|Any CPU
		{D0AEBB49-EEC3-4BFB-8C9A-B5C874136270}.Debug|Any CPU.Build.0 = Debug|Any CPU
		{D0AEBB49-EEC3-4BFB-8C9A-B5C874136270}.Debug|x64.ActiveCfg = Debug|Any CPU
		{D0AEBB49-EEC3-4BFB-8C9A-B5C874136270}.Debug|x64.Build.0 = Debug|Any CPU
		{D0AEBB49-EEC3-4BFB-8C9A-B5C874136270}.Debug|x86.ActiveCfg = Debug|Any CPU
		{D0AEBB49-EEC3-4BFB-8C9A-B5C874136270}.Debug|x86.Build.0 = Debug|Any CPU
		{D0AEBB49-EEC3-4BFB-8C9A-B5C874136270}.Release|Any CPU.ActiveCfg = Release|Any CPU
		{D0AEBB49-EEC3-4BFB-8C9A-B5C874136270}.Release|Any CPU.Build.0 = Release|Any CPU
		{D0AEBB49-EEC3-4BFB-8C9A-B5C874136270}.Release|x64.ActiveCfg = Release|Any CPU
		{D0AEBB49-EEC3-4BFB-8C9A-B5C874136270}.Release|x64.Build.0 = Release|Any CPU
		{D0AEBB49-EEC3-4BFB-8C9A-B5C874136270}.Release|x86.ActiveCfg = Release|Any CPU
		{D0AEBB49-EEC3-4BFB-8C9A-B5C874136270}.Release|x86.Build.0 = Release|Any CPU
	EndGlobalSection
	GlobalSection(SolutionProperties) = preSolution
		HideSolutionNode = FALSE
	EndGlobalSection
	GlobalSection(NestedProjects) = preSolution
		{35D5CCF3-3BAD-4F8D-A928-540D379AC610} = {827E0CD3-B72D-47B6-A68D-7590B98EB39B}
		{D0AEBB49-EEC3-4BFB-8C9A-B5C874136270} = {827E0CD3-B72D-47B6-A68D-7590B98EB39B}
	EndGlobalSection
EndGlobal
